
Microsoft Visual Studio Solution File, Format Version 12.00
# Visual Studio Version 17
VisualStudioVersion = 17.1.32421.90
MinimumVisualStudioVersion = 10.0.40219.1
Project("{2150E333-8FDC-42A3-9474-1A3956D46DE8}") = "src", "src", "{F16D3702-E5CF-4CC6-B5BE-3B05D2557F1A}"
EndProject
Project("{FAE04EC0-301F-11D3-BF4B-00C04F79EFBC}") = "CodeVsZombies", "CodeVsZombies\CodeVsZombies.csproj", "{52A608C6-9BA0-4E9B-96C0-A088F5B5CA7B}"
EndProject
Project("{FAE04EC0-301F-11D3-BF4B-00C04F79EFBC}") = "Common", "Common\Common.csproj", "{F69F408E-7A7A-4337-834D-7F14F5E58218}"
EndProject
Global
	GlobalSection(SolutionConfigurationPlatforms) = preSolution
		Debug|Any CPU = Debug|Any CPU
		Release|Any CPU = Release|Any CPU
	EndGlobalSection
	GlobalSection(ProjectConfigurationPlatforms) = postSolution
		{52A608C6-9BA0-4E9B-96C0-A088F5B5CA7B}.Debug|Any CPU.ActiveCfg = Debug|Any CPU
		{52A608C6-9BA0-4E9B-96C0-A088F5B5CA7B}.Debug|Any CPU.Build.0 = Debug|Any CPU
		{52A608C6-9BA0-4E9B-96C0-A088F5B5CA7B}.Release|Any CPU.ActiveCfg = Release|Any CPU
		{52A608C6-9BA0-4E9B-96C0-A088F5B5CA7B}.Release|Any CPU.Build.0 = Release|Any CPU
		{F69F408E-7A7A-4337-834D-7F14F5E58218}.Debug|Any CPU.ActiveCfg = Debug|Any CPU
		{F69F408E-7A7A-4337-834D-7F14F5E58218}.Debug|Any CPU.Build.0 = Debug|Any CPU
		{F69F408E-7A7A-4337-834D-7F14F5E58218}.Release|Any CPU.ActiveCfg = Release|Any CPU
		{F69F408E-7A7A-4337-834D-7F14F5E58218}.Release|Any CPU.Build.0 = Release|Any CPU
	EndGlobalSection
	GlobalSection(SolutionProperties) = preSolution
		HideSolutionNode = FALSE
	EndGlobalSection
	GlobalSection(NestedProjects) = preSolution
		{52A608C6-9BA0-4E9B-96C0-A088F5B5CA7B} = {F16D3702-E5CF-4CC6-B5BE-3B05D2557F1A}
		{F69F408E-7A7A-4337-834D-7F14F5E58218} = {F16D3702-E5CF-4CC6-B5BE-3B05D2557F1A}
	EndGlobalSection
	GlobalSection(ExtensibilityGlobals) = postSolution
		SolutionGuid = {FAF3E35B-330B-4FFD-9D4D-17B793DB9BF6}
	EndGlobalSection
EndGlobal
